
Microsoft Visual Studio Solution File, Format Version 12.00
# Visual Studio 15
VisualStudioVersion = 15.0.27703.2042
MinimumVisualStudioVersion = 10.0.40219.1
Project("{FAE04EC0-301F-11D3-BF4B-00C04F79EFBC}") = "ICEAutomation", "src\ICEAutomation.csproj", "{4CD879EB-28B9-4511-B997-34C07288D813}"
EndProject
Global
	GlobalSection(SolutionConfigurationPlatforms) = preSolution
		Debug|Any CPU = Debug|Any CPU
		Release|Any CPU = Release|Any CPU
	EndGlobalSection
	GlobalSection(ProjectConfigurationPlatforms) = postSolution
		{4CD879EB-28B9-4511-B997-34C07288D813}.Debug|Any CPU.ActiveCfg = Debug|Any CPU
		{4CD879EB-28B9-4511-B997-34C07288D813}.Debug|Any CPU.Build.0 = Debug|Any CPU
		{4CD879EB-28B9-4511-B997-34C07288D813}.Release|Any CPU.ActiveCfg = Release|Any CPU
		{4CD879EB-28B9-4511-B997-34C07288D813}.Release|Any CPU.Build.0 = Release|Any CPU
	EndGlobalSection
	GlobalSection(SolutionProperties) = preSolution
		HideSolutionNode = FALSE
	EndGlobalSection
	GlobalSection(ExtensibilityGlobals) = postSolution
		SolutionGuid = {FDA5FE7F-D35F-4224-8867-43215D49EACF}
	EndGlobalSection
EndGlobal
